
Microsoft Visual Studio Solution File, Format Version 12.00
# Visual Studio Version 17
VisualStudioVersion = 17.4.33110.190
MinimumVisualStudioVersion = 10.0.40219.1
Project("{2150E333-8FDC-42A3-9474-1A3956D46DE8}") = "src", "src", "{AEF87B50-1DA7-4C55-B5A7-98D214A7AADD}"
EndProject
Project("{9A19103F-16F7-4668-BE54-9A1E7A4F7556}") = "Play.Common", "src\Play.common\Play.Common.csproj", "{EC2CFA6B-188F-4F36-BA66-22C9BCCAAB9E}"
EndProject
Global
	GlobalSection(SolutionConfigurationPlatforms) = preSolution
		Debug|Any CPU = Debug|Any CPU
		Release|Any CPU = Release|Any CPU
	EndGlobalSection
	GlobalSection(ProjectConfigurationPlatforms) = postSolution
		{EC2CFA6B-188F-4F36-BA66-22C9BCCAAB9E}.Debug|Any CPU.ActiveCfg = Debug|Any CPU
		{EC2CFA6B-188F-4F36-BA66-22C9BCCAAB9E}.Debug|Any CPU.Build.0 = Debug|Any CPU
		{EC2CFA6B-188F-4F36-BA66-22C9BCCAAB9E}.Release|Any CPU.ActiveCfg = Release|Any CPU
		{EC2CFA6B-188F-4F36-BA66-22C9BCCAAB9E}.Release|Any CPU.Build.0 = Release|Any CPU
	EndGlobalSection
	GlobalSection(SolutionProperties) = preSolution
		HideSolutionNode = FALSE
	EndGlobalSection
	GlobalSection(NestedProjects) = preSolution
		{EC2CFA6B-188F-4F36-BA66-22C9BCCAAB9E} = {AEF87B50-1DA7-4C55-B5A7-98D214A7AADD}
	EndGlobalSection
	GlobalSection(ExtensibilityGlobals) = postSolution
		SolutionGuid = {739AC108-A3C1-4EF6-BCDD-2E44EA7B5E8F}
	EndGlobalSection
EndGlobal
