
Microsoft Visual Studio Solution File, Format Version 12.00
# Visual Studio Version 16
VisualStudioVersion = 16.0.30114.105
MinimumVisualStudioVersion = 10.0.40219.1
Project("{2150E333-8FDC-42A3-9474-1A3956D46DE8}") = "src", "src", "{A993A329-7D32-49CD-87CF-5C9CA3F14399}"
EndProject
Project("{FAE04EC0-301F-11D3-BF4B-00C04F79EFBC}") = "Play.Catalog.Service", "src\Play.Catalog.Service\Play.Catalog.Service.csproj", "{0EBC27B4-F479-4F66-901E-5C3A86DBB260}"
EndProject
Global
	GlobalSection(SolutionConfigurationPlatforms) = preSolution
		Debug|Any CPU = Debug|Any CPU
		Release|Any CPU = Release|Any CPU
	EndGlobalSection
	GlobalSection(SolutionProperties) = preSolution
		HideSolutionNode = FALSE
	EndGlobalSection
	GlobalSection(ProjectConfigurationPlatforms) = postSolution
		{0EBC27B4-F479-4F66-901E-5C3A86DBB260}.Debug|Any CPU.ActiveCfg = Debug|Any CPU
		{0EBC27B4-F479-4F66-901E-5C3A86DBB260}.Debug|Any CPU.Build.0 = Debug|Any CPU
		{0EBC27B4-F479-4F66-901E-5C3A86DBB260}.Release|Any CPU.ActiveCfg = Release|Any CPU
		{0EBC27B4-F479-4F66-901E-5C3A86DBB260}.Release|Any CPU.Build.0 = Release|Any CPU
	EndGlobalSection
	GlobalSection(NestedProjects) = preSolution
		{0EBC27B4-F479-4F66-901E-5C3A86DBB260} = {A993A329-7D32-49CD-87CF-5C9CA3F14399}
	EndGlobalSection
EndGlobal
