
Microsoft Visual Studio Solution File, Format Version 12.00
# Visual Studio Version 17
VisualStudioVersion = 17.4.33110.190
MinimumVisualStudioVersion = 10.0.40219.1
Project("{2150E333-8FDC-42A3-9474-1A3956D46DE8}") = "src", "src", "{A993A329-7D32-49CD-87CF-5C9CA3F14399}"
EndProject
Project("{9A19103F-16F7-4668-BE54-9A1E7A4F7556}") = "Play.Catalog.Service", "src\Play.Catalog.Service\Play.Catalog.Service.csproj", "{0EBC27B4-F479-4F66-901E-5C3A86DBB260}"
EndProject
Project("{E53339B2-1760-4266-BCC7-CA923CBCF16C}") = "docker-compose", "docker-compose.dcproj", "{C0761D82-084D-4A37-B9AE-5D4A68415BE2}"
EndProject
Global
	GlobalSection(SolutionConfigurationPlatforms) = preSolution
		Debug|Any CPU = Debug|Any CPU
		Release|Any CPU = Release|Any CPU
	EndGlobalSection
	GlobalSection(ProjectConfigurationPlatforms) = postSolution
		{0EBC27B4-F479-4F66-901E-5C3A86DBB260}.Debug|Any CPU.ActiveCfg = Debug|Any CPU
		{0EBC27B4-F479-4F66-901E-5C3A86DBB260}.Debug|Any CPU.Build.0 = Debug|Any CPU
		{0EBC27B4-F479-4F66-901E-5C3A86DBB260}.Release|Any CPU.ActiveCfg = Release|Any CPU
		{0EBC27B4-F479-4F66-901E-5C3A86DBB260}.Release|Any CPU.Build.0 = Release|Any CPU
		{C0761D82-084D-4A37-B9AE-5D4A68415BE2}.Debug|Any CPU.ActiveCfg = Debug|Any CPU
		{C0761D82-084D-4A37-B9AE-5D4A68415BE2}.Debug|Any CPU.Build.0 = Debug|Any CPU
		{C0761D82-084D-4A37-B9AE-5D4A68415BE2}.Release|Any CPU.ActiveCfg = Release|Any CPU
		{C0761D82-084D-4A37-B9AE-5D4A68415BE2}.Release|Any CPU.Build.0 = Release|Any CPU
	EndGlobalSection
	GlobalSection(SolutionProperties) = preSolution
		HideSolutionNode = FALSE
	EndGlobalSection
	GlobalSection(NestedProjects) = preSolution
		{0EBC27B4-F479-4F66-901E-5C3A86DBB260} = {A993A329-7D32-49CD-87CF-5C9CA3F14399}
	EndGlobalSection
	GlobalSection(ExtensibilityGlobals) = postSolution
		SolutionGuid = {9ABF8FCD-EEEE-41D7-B08D-2CA02CE92294}
	EndGlobalSection
EndGlobal
